
Microsoft Visual Studio Solution File, Format Version 12.00
# Visual Studio Version 16
VisualStudioVersion = 16.0.29215.179
MinimumVisualStudioVersion = 10.0.40219.1
Project("{FAE04EC0-301F-11D3-BF4B-00C04F79EFBC}") = "WebApplication4", "WebApplication4\WebApplication4.csproj", "{6756793E-84B6-4366-8169-00DFFDB7A6AB}"
EndProject
Global
	GlobalSection(SolutionConfigurationPlatforms) = preSolution
		Debug|Any CPU = Debug|Any CPU
		Release|Any CPU = Release|Any CPU
	EndGlobalSection
	GlobalSection(ProjectConfigurationPlatforms) = postSolution
		{6756793E-84B6-4366-8169-00DFFDB7A6AB}.Debug|Any CPU.ActiveCfg = Debug|Any CPU
		{6756793E-84B6-4366-8169-00DFFDB7A6AB}.Debug|Any CPU.Build.0 = Debug|Any CPU
		{6756793E-84B6-4366-8169-00DFFDB7A6AB}.Release|Any CPU.ActiveCfg = Release|Any CPU
		{6756793E-84B6-4366-8169-00DFFDB7A6AB}.Release|Any CPU.Build.0 = Release|Any CPU
	EndGlobalSection
	GlobalSection(SolutionProperties) = preSolution
		HideSolutionNode = FALSE
	EndGlobalSection
	GlobalSection(ExtensibilityGlobals) = postSolution
		SolutionGuid = {DFD3B5CF-1D84-4AD8-B073-1F72C3011036}
	EndGlobalSection
	GlobalSection(TeamFoundationVersionControl) = preSolution
		SccNumberOfProjects = 2
		SccEnterpriseProvider = {4CA58AB2-18FA-4F8D-95D4-32DDF27D184C}
		SccTeamFoundationServer = https://dev.azure.com/23om45ar
		SccLocalPath0 = .
		SccProjectUniqueName1 = WebApplication4\\WebApplication4.csproj
		SccProjectName1 = WebApplication4
		SccLocalPath1 = WebApplication4
	EndGlobalSection
EndGlobal
